
Microsoft Visual Studio Solution File, Format Version 12.00
# Visual Studio 15
VisualStudioVersion = 15.0.27130.2010
MinimumVisualStudioVersion = 10.0.40219.1
Project("{2150E333-8FDC-42A3-9474-1A3956D46DE8}") = "Src", "Src", "{8D8E25A3-7BE6-4568-99F1-51EDED3BFB62}"
EndProject
Project("{8BC9CEB8-8B4A-11D0-8D11-00A0C91BC942}") = "kms-jsonrpc", "Src\kms-jsonrpc\kms-jsonrpc.vcxproj", "{540E1419-C910-4903-8F23-34FDC0F4BB3E}"
	ProjectSection(ProjectDependencies) = postProject
		{079C7960-1EAB-4924-8D43-5C16E3B80C0F} = {079C7960-1EAB-4924-8D43-5C16E3B80C0F}
	EndProjectSection
EndProject
Project("{2150E333-8FDC-42A3-9474-1A3956D46DE8}") = "Deps", "Deps", "{60900801-1A7F-4140-929F-1C1FCB3B4E84}"
EndProject
Project("{8BC9CEB8-8B4A-11D0-8D11-00A0C91BC942}") = "jsoncpp", "Deps\jsoncpp\src\jsoncpp.vcxproj", "{079C7960-1EAB-4924-8D43-5C16E3B80C0F}"
EndProject
Project("{8BC9CEB8-8B4A-11D0-8D11-00A0C91BC942}") = "libuv", "Deps\libuv\libuv.vcxproj", "{8CEF2E1D-B8A6-42B1-968F-F0C5C989B107}"
EndProject
Project("{8BC9CEB8-8B4A-11D0-8D11-00A0C91BC942}") = "uWS", "Deps\uWS\uWS.vcxproj", "{7DBB515E-6F68-45EA-B8A0-3ED06622ED08}"
	ProjectSection(ProjectDependencies) = postProject
		{8CEF2E1D-B8A6-42B1-968F-F0C5C989B107} = {8CEF2E1D-B8A6-42B1-968F-F0C5C989B107}
		{2E810868-0C1A-4A21-90BE-9094EA194C16} = {2E810868-0C1A-4A21-90BE-9094EA194C16}
	EndProjectSection
EndProject
Project("{8BC9CEB8-8B4A-11D0-8D11-00A0C91BC942}") = "zlib", "Deps\zlib\zlib.vcxproj", "{2E810868-0C1A-4A21-90BE-9094EA194C16}"
EndProject
Project("{8BC9CEB8-8B4A-11D0-8D11-00A0C91BC942}") = "qwebrtc", "Src\qwebrtc\qwebrtc.vcxproj", "{921CC79E-2C9C-42A1-931B-A91753578CBC}"
EndProject
Project("{8BC9CEB8-8B4A-11D0-8D11-00A0C91BC942}") = "KurentoRoomClient", "Src\KurentoRoomClient\KurentoRoomClient.vcxproj", "{B12702AD-ABFB-343A-A199-8E24837244A3}"
EndProject
Global
	GlobalSection(SolutionConfigurationPlatforms) = preSolution
		Debug|x64 = Debug|x64
		Debug|x86 = Debug|x86
		Release|x64 = Release|x64
		Release|x86 = Release|x86
	EndGlobalSection
	GlobalSection(ProjectConfigurationPlatforms) = postSolution
		{540E1419-C910-4903-8F23-34FDC0F4BB3E}.Debug|x64.ActiveCfg = Debug|x64
		{540E1419-C910-4903-8F23-34FDC0F4BB3E}.Debug|x64.Build.0 = Debug|x64
		{540E1419-C910-4903-8F23-34FDC0F4BB3E}.Debug|x86.ActiveCfg = Debug|Win32
		{540E1419-C910-4903-8F23-34FDC0F4BB3E}.Debug|x86.Build.0 = Debug|Win32
		{540E1419-C910-4903-8F23-34FDC0F4BB3E}.Release|x64.ActiveCfg = Release|Win32
		{540E1419-C910-4903-8F23-34FDC0F4BB3E}.Release|x86.ActiveCfg = Release|Win32
		{540E1419-C910-4903-8F23-34FDC0F4BB3E}.Release|x86.Build.0 = Release|Win32
		{079C7960-1EAB-4924-8D43-5C16E3B80C0F}.Debug|x64.ActiveCfg = Debug|x64
		{079C7960-1EAB-4924-8D43-5C16E3B80C0F}.Debug|x64.Build.0 = Debug|x64
		{079C7960-1EAB-4924-8D43-5C16E3B80C0F}.Debug|x86.ActiveCfg = Debug|Win32
		{079C7960-1EAB-4924-8D43-5C16E3B80C0F}.Debug|x86.Build.0 = Debug|Win32
		{079C7960-1EAB-4924-8D43-5C16E3B80C0F}.Release|x64.ActiveCfg = Release|Win32
		{079C7960-1EAB-4924-8D43-5C16E3B80C0F}.Release|x86.ActiveCfg = Release|Win32
		{079C7960-1EAB-4924-8D43-5C16E3B80C0F}.Release|x86.Build.0 = Release|Win32
		{8CEF2E1D-B8A6-42B1-968F-F0C5C989B107}.Debug|x64.ActiveCfg = Debug|x64
		{8CEF2E1D-B8A6-42B1-968F-F0C5C989B107}.Debug|x64.Build.0 = Debug|x64
		{8CEF2E1D-B8A6-42B1-968F-F0C5C989B107}.Debug|x86.ActiveCfg = Debug|Win32
		{8CEF2E1D-B8A6-42B1-968F-F0C5C989B107}.Debug|x86.Build.0 = Debug|Win32
		{8CEF2E1D-B8A6-42B1-968F-F0C5C989B107}.Release|x64.ActiveCfg = Release|Win32
		{8CEF2E1D-B8A6-42B1-968F-F0C5C989B107}.Release|x86.ActiveCfg = Release|Win32
		{8CEF2E1D-B8A6-42B1-968F-F0C5C989B107}.Release|x86.Build.0 = Release|Win32
		{7DBB515E-6F68-45EA-B8A0-3ED06622ED08}.Debug|x64.ActiveCfg = Debug|x64
		{7DBB515E-6F68-45EA-B8A0-3ED06622ED08}.Debug|x64.Build.0 = Debug|x64
		{7DBB515E-6F68-45EA-B8A0-3ED06622ED08}.Debug|x86.ActiveCfg = Debug|Win32
		{7DBB515E-6F68-45EA-B8A0-3ED06622ED08}.Debug|x86.Build.0 = Debug|Win32
		{7DBB515E-6F68-45EA-B8A0-3ED06622ED08}.Release|x64.ActiveCfg = Release|Win32
		{7DBB515E-6F68-45EA-B8A0-3ED06622ED08}.Release|x86.ActiveCfg = Release|Win32
		{7DBB515E-6F68-45EA-B8A0-3ED06622ED08}.Release|x86.Build.0 = Release|Win32
		{2E810868-0C1A-4A21-90BE-9094EA194C16}.Debug|x64.ActiveCfg = Debug|x64
		{2E810868-0C1A-4A21-90BE-9094EA194C16}.Debug|x64.Build.0 = Debug|x64
		{2E810868-0C1A-4A21-90BE-9094EA194C16}.Debug|x86.ActiveCfg = Debug|Win32
		{2E810868-0C1A-4A21-90BE-9094EA194C16}.Debug|x86.Build.0 = Debug|Win32
		{2E810868-0C1A-4A21-90BE-9094EA194C16}.Release|x64.ActiveCfg = Release|x64
		{2E810868-0C1A-4A21-90BE-9094EA194C16}.Release|x64.Build.0 = Release|x64
		{2E810868-0C1A-4A21-90BE-9094EA194C16}.Release|x86.ActiveCfg = Release|Win32
		{2E810868-0C1A-4A21-90BE-9094EA194C16}.Release|x86.Build.0 = Release|Win32
		{921CC79E-2C9C-42A1-931B-A91753578CBC}.Debug|x64.ActiveCfg = Debug|x64
		{921CC79E-2C9C-42A1-931B-A91753578CBC}.Debug|x64.Build.0 = Debug|x64
		{921CC79E-2C9C-42A1-931B-A91753578CBC}.Debug|x86.ActiveCfg = Debug|Win32
		{921CC79E-2C9C-42A1-931B-A91753578CBC}.Debug|x86.Build.0 = Debug|Win32
		{921CC79E-2C9C-42A1-931B-A91753578CBC}.Debug|x86.Deploy.0 = Debug|Win32
		{921CC79E-2C9C-42A1-931B-A91753578CBC}.Release|x64.ActiveCfg = Release|Win32
		{921CC79E-2C9C-42A1-931B-A91753578CBC}.Release|x86.ActiveCfg = Release|Win32
		{921CC79E-2C9C-42A1-931B-A91753578CBC}.Release|x86.Build.0 = Release|Win32
		{921CC79E-2C9C-42A1-931B-A91753578CBC}.Release|x86.Deploy.0 = Release|Win32
		{B12702AD-ABFB-343A-A199-8E24837244A3}.Debug|x64.ActiveCfg = Debug|x64
		{B12702AD-ABFB-343A-A199-8E24837244A3}.Debug|x64.Build.0 = Debug|x64
		{B12702AD-ABFB-343A-A199-8E24837244A3}.Debug|x86.ActiveCfg = Debug|Win32
		{B12702AD-ABFB-343A-A199-8E24837244A3}.Debug|x86.Build.0 = Debug|Win32
		{B12702AD-ABFB-343A-A199-8E24837244A3}.Debug|x86.Deploy.0 = Debug|Win32
		{B12702AD-ABFB-343A-A199-8E24837244A3}.Release|x64.ActiveCfg = Release|Win32
		{B12702AD-ABFB-343A-A199-8E24837244A3}.Release|x86.ActiveCfg = Release|Win32
		{B12702AD-ABFB-343A-A199-8E24837244A3}.Release|x86.Build.0 = Release|Win32
		{B12702AD-ABFB-343A-A199-8E24837244A3}.Release|x86.Deploy.0 = Release|Win32
	EndGlobalSection
	GlobalSection(SolutionProperties) = preSolution
		HideSolutionNode = FALSE
	EndGlobalSection
	GlobalSection(NestedProjects) = preSolution
		{540E1419-C910-4903-8F23-34FDC0F4BB3E} = {8D8E25A3-7BE6-4568-99F1-51EDED3BFB62}
		{079C7960-1EAB-4924-8D43-5C16E3B80C0F} = {60900801-1A7F-4140-929F-1C1FCB3B4E84}
		{8CEF2E1D-B8A6-42B1-968F-F0C5C989B107} = {60900801-1A7F-4140-929F-1C1FCB3B4E84}
		{7DBB515E-6F68-45EA-B8A0-3ED06622ED08} = {60900801-1A7F-4140-929F-1C1FCB3B4E84}
		{2E810868-0C1A-4A21-90BE-9094EA194C16} = {60900801-1A7F-4140-929F-1C1FCB3B4E84}
	EndGlobalSection
	GlobalSection(ExtensibilityGlobals) = postSolution
		SolutionGuid = {8F0412AC-6ABF-4A7B-A51B-EADE76F48857}
		Qt5Version = 5.11.1
	EndGlobalSection
EndGlobal
