<?xml version="1.0" encoding="utf-8"?>
<Project ToolsVersion="4.0" xmlns="http://schemas.microsoft.com/developer/msbuild/2003">
  <ItemGroup>
    <Filter Include="Source Files">
      <UniqueIdentifier>{4FC737F1-C7A5-4376-A066-2A32D752A2FF}</UniqueIdentifier>
      <Extensions>cpp;c;cc;cxx;def;odl;idl;hpj;bat;asm;asmx</Extensions>
      <ParseFiles>true</ParseFiles>
    </Filter>
    <Filter Include="Header Files">
      <UniqueIdentifier>{93995380-89BD-4b04-88EB-625FBE52EBFB}</UniqueIdentifier>
      <Extensions>h;hh;hpp;hxx;hm;inl;inc;xsd</Extensions>
      <ParseFiles>true</ParseFiles>
    </Filter>
    <Filter Include="Generated Files">
      <UniqueIdentifier>{71ED8ED8-ACB9-4CE9-BBE1-E00B30144E11}</UniqueIdentifier>
      <Extensions>moc;h;cpp</Extensions>
      <ParseFiles>true</ParseFiles>
    </Filter>
  </ItemGroup>
  <ItemGroup>
    <ClCompile Include="qwebrtc.cpp">
      <Filter>Source Files</Filter>
    </ClCompile>
    <ClCompile Include="qwebrtcicecandidate.cpp">
      <Filter>Source Files</Filter>
    </ClCompile>
    <ClCompile Include="qwebrtcmediastream.cpp">
      <Filter>Source Files</Filter>
    </ClCompile>
    <ClCompile Include="qwebrtcmediatrack.cpp">
      <Filter>Source Files</Filter>
    </ClCompile>
    <ClCompile Include="GeneratedFiles\Debug\moc_qwebrtcmediatrack_p.cpp">
      <Filter>Generated Files</Filter>
    </ClCompile>
    <ClCompile Include="GeneratedFiles\Release\moc_qwebrtcmediatrack_p.cpp">
      <Filter>Generated Files</Filter>
    </ClCompile>
    <ClCompile Include="qwebrtcpeerconnection.cpp">
      <Filter>Source Files</Filter>
    </ClCompile>
    <ClCompile Include="GeneratedFiles\Debug\moc_qwebrtcpeerconnection.cpp">
      <Filter>Generated Files</Filter>
    </ClCompile>
    <ClCompile Include="GeneratedFiles\Release\moc_qwebrtcpeerconnection.cpp">
      <Filter>Generated Files</Filter>
    </ClCompile>
    <ClCompile Include="qwebrtcpeerconnectionfactory.cpp">
      <Filter>Source Files</Filter>
    </ClCompile>
    <ClCompile Include="qwebrtcsessiondescription.cpp">
      <Filter>Source Files</Filter>
    </ClCompile>
    <ClCompile Include="qwebrtcutilities.cpp">
      <Filter>Source Files</Filter>
    </ClCompile>
    <ClCompile Include="qwebrtcvideo.cpp">
      <Filter>Source Files</Filter>
    </ClCompile>
    <ClCompile Include="GeneratedFiles\Debug\moc_qwebrtcvideo.cpp">
      <Filter>Generated Files</Filter>
    </ClCompile>
    <ClCompile Include="GeneratedFiles\Release\moc_qwebrtcvideo.cpp">
      <Filter>Generated Files</Filter>
    </ClCompile>
    <ClCompile Include="qwebrtcdatachannel.cpp">
      <Filter>Source Files</Filter>
    </ClCompile>
    <ClCompile Include="GeneratedFiles\Debug\moc_qwebrtcdatachannel.cpp">
      <Filter>Generated Files</Filter>
    </ClCompile>
    <ClCompile Include="GeneratedFiles\Release\moc_qwebrtcdatachannel.cpp">
      <Filter>Generated Files</Filter>
    </ClCompile>
    <ClCompile Include="GeneratedFiles\Debug\moc_qwebrtcdatachannel_p.cpp">
      <Filter>Generated Files</Filter>
    </ClCompile>
    <ClCompile Include="GeneratedFiles\Release\moc_qwebrtcdatachannel_p.cpp">
      <Filter>Generated Files</Filter>
    </ClCompile>
    <ClCompile Include="GeneratedFiles\Debug\moc_qwebrtcdesktopvideosource_p.cpp">
      <Filter>Generated Files</Filter>
    </ClCompile>
    <ClCompile Include="GeneratedFiles\Release\moc_qwebrtcdesktopvideosource_p.cpp">
      <Filter>Generated Files</Filter>
    </ClCompile>
    <ClCompile Include="qwebrtcdesktopvideosource.cpp">
      <Filter>Source Files</Filter>
    </ClCompile>
    <ClCompile Include="GeneratedFiles\Debug\moc_qwebrtcquickvideoitem.cpp">
      <Filter>Generated Files</Filter>
    </ClCompile>
    <ClCompile Include="GeneratedFiles\Release\moc_qwebrtcquickvideoitem.cpp">
      <Filter>Generated Files</Filter>
    </ClCompile>
    <ClCompile Include="qwebrtcquickvideoitem.cpp">
      <Filter>Source Files</Filter>
    </ClCompile>
  </ItemGroup>
  <ItemGroup>
    <ClInclude Include="qwebrtc.h">
      <Filter>Header Files</Filter>
    </ClInclude>
    <ClInclude Include="qwebrtc_global.h">
      <Filter>Header Files</Filter>
    </ClInclude>
    <ClInclude Include="qwebrtcconfiguration.hpp">
      <Filter>Header Files</Filter>
    </ClInclude>
    <ClInclude Include="qwebrtcicecandidate.hpp">
      <Filter>Header Files</Filter>
    </ClInclude>
    <ClInclude Include="qwebrtcmediastream.hpp">
      <Filter>Header Files</Filter>
    </ClInclude>
    <ClInclude Include="qwebrtcmediastream_p.hpp">
      <Filter>Header Files</Filter>
    </ClInclude>
    <ClInclude Include="qwebrtcmediatrack.hpp">
      <Filter>Header Files</Filter>
    </ClInclude>
    <ClInclude Include="qwebrtcpeerconnection_p.hpp">
      <Filter>Header Files</Filter>
    </ClInclude>
    <ClInclude Include="qwebrtcpeerconnectionfactory.hpp">
      <Filter>Header Files</Filter>
    </ClInclude>
    <ClInclude Include="qwebrtcsessiondescription.hpp">
      <Filter>Header Files</Filter>
    </ClInclude>
    <ClInclude Include="qwebrtcsessiondescription_p.hpp">
      <Filter>Header Files</Filter>
    </ClInclude>
    <ClInclude Include="qwebrtctypes_p.hpp">
      <Filter>Header Files</Filter>
    </ClInclude>
    <ClInclude Include="qwebrtcutilities.hpp">
      <Filter>Header Files</Filter>
    </ClInclude>
    <ClInclude Include="qwebrtcvideo_p.hpp">
      <Filter>Header Files</Filter>
    </ClInclude>
    <ClInclude Include="qwebrtcquickvideoitem_p.hpp">
      <Filter>Header Files</Filter>
    </ClInclude>
  </ItemGroup>
  <ItemGroup>
    <CustomBuild Include="qwebrtcmediatrack_p.hpp">
      <Filter>Header Files</Filter>
    </CustomBuild>
    <CustomBuild Include="qwebrtcpeerconnection.hpp">
      <Filter>Header Files</Filter>
    </CustomBuild>
    <CustomBuild Include="qwebrtcvideo.hpp">
      <Filter>Header Files</Filter>
    </CustomBuild>
    <CustomBuild Include="qwebrtcdatachannel.hpp">
      <Filter>Header Files</Filter>
    </CustomBuild>
    <CustomBuild Include="qwebrtcdatachannel_p.hpp">
      <Filter>Header Files</Filter>
    </CustomBuild>
    <CustomBuild Include="qwebrtcdesktopvideosource_p.hpp">
      <Filter>Header Files</Filter>
    </CustomBuild>
    <CustomBuild Include="qwebrtcquickvideoitem.hpp">
      <Filter>Header Files</Filter>
    </CustomBuild>
  </ItemGroup>
</Project>